# THIS IS AN AUTOGENERATED FILE. DO NOT EDIT THIS FILE DIRECTLY.
# yarn lockfile v1


sweetalert2@^8.18.6:
  version "8.19.0"
  resolved "https://registry.yarnpkg.com/sweetalert2/-/sweetalert2-8.19.0.tgz#692269bc8ddc5760e2b5070da2cf5e9e278bac0b"
  integrity sha512-nFL++N3bitkEkd487Tv4i5ZxusmnoAAXHjtk7lp603Opxb8wlvVnz3hqa7qiIw6QFL04JC810E6qVQNf8s0vYQ==

sweetalert2@^9.17.1:
  version "9.17.1"
  resolved "https://registry.yarnpkg.com/sweetalert2/-/sweetalert2-9.17.1.tgz#3d3c8d2dd8b44aeec6a01bf611be265143586bd1"
  integrity sha512-D/VE2lT/bKd64/RBglLUtQ+3nsftzjzIiP2iqN6zPzPwf+2djIY+4k8Bg430zxRUn4DkZzyIuU58q3n0J43lvw==

vue-simple-alert@^1.1.1:
  version "1.1.1"
  resolved "https://registry.yarnpkg.com/vue-simple-alert/-/vue-simple-alert-1.1.1.tgz#45662fcec411c0e3b1e08a0918c64242e2cc19e3"
  integrity sha512-iyQorOyO9Ar+bgvvyshQtkgvXTocR3hu0D1PD6R9mEJ1M3JWvjFg5UoL5rIqmqhkfMg6lzwMW9Bu6iwHUdcqig==
  dependencies:
    sweetalert2 "^8.18.6"
